
Microsoft Visual Studio Solution File, Format Version 12.00
# Visual Studio 2013
VisualStudioVersion = 12.0.40629.0
MinimumVisualStudioVersion = 10.0.40219.1
Project("{FAE04EC0-301F-11D3-BF4B-00C04F79EFBC}") = "UI.Mvc", "src\UI.Mvc\UI.Mvc.csproj", "{D4B8EE32-2274-4A85-8560-C2A99D4E3F5A}"
EndProject
Project("{FAE04EC0-301F-11D3-BF4B-00C04F79EFBC}") = "Domain.Acessos", "src\Domain\Domain.Acessos\Domain.Acessos.csproj", "{DE7110D4-2DDB-4755-B95E-6FC27DD89430}"
EndProject
Project("{FAE04EC0-301F-11D3-BF4B-00C04F79EFBC}") = "Data.EF", "src\Infra\Data\Data.EF\Data.EF.csproj", "{1E944FDE-8F39-478B-A24D-25AFD2A34176}"
EndProject
Project("{2150E333-8FDC-42A3-9474-1A3956D46DE8}") = "1.Apresentation", "1.Apresentation", "{137BEEDA-37F1-4167-B19A-26D0009D26D9}"
EndProject
Project("{2150E333-8FDC-42A3-9474-1A3956D46DE8}") = "2. Domain", "2. Domain", "{8B3DBC68-2926-4F88-A5ED-F21D01288F04}"
EndProject
Project("{2150E333-8FDC-42A3-9474-1A3956D46DE8}") = "4. Infra", "4. Infra", "{66B4A815-2B59-4EC0-8211-C7E1244135D5}"
EndProject
Project("{2150E333-8FDC-42A3-9474-1A3956D46DE8}") = "3. Services", "3. Services", "{50879F24-BAFC-49F4-86A8-874C7271539B}"
EndProject
Project("{FAE04EC0-301F-11D3-BF4B-00C04F79EFBC}") = "Services", "src\Services\Services.csproj", "{5C37891C-2D1F-49B9-9F80-2D3AC542E9FC}"
EndProject
Global
	GlobalSection(TeamFoundationVersionControl) = preSolution
		SccNumberOfProjects = 5
		SccEnterpriseProvider = {4CA58AB2-18FA-4F8D-95D4-32DDF27D184C}
		SccTeamFoundationServer = https://ffonseca1985.visualstudio.com/
		SccLocalPath0 = .
		SccProjectUniqueName1 = src\\Domain\\Domain.Acessos\\Domain.Acessos.csproj
		SccProjectTopLevelParentUniqueName1 = AspNet\u0020Identity.sln
		SccProjectName1 = src/Domain/Domain.Acessos
		SccLocalPath1 = src\\Domain\\Domain.Acessos
		SccProjectUniqueName2 = src\\Infra\\Data\\Data.EF\\Data.EF.csproj
		SccProjectTopLevelParentUniqueName2 = AspNet\u0020Identity.sln
		SccProjectName2 = src/Infra/Data/Data.EF
		SccLocalPath2 = src\\Infra\\Data\\Data.EF
		SccProjectUniqueName3 = src\\Services\\Services.csproj
		SccProjectTopLevelParentUniqueName3 = AspNet\u0020Identity.sln
		SccProjectName3 = src/Services
		SccLocalPath3 = src\\Services
		SccProjectUniqueName4 = src\\UI.Mvc\\UI.Mvc.csproj
		SccProjectTopLevelParentUniqueName4 = AspNet\u0020Identity.sln
		SccProjectName4 = src/UI.Mvc
		SccLocalPath4 = src\\UI.Mvc
	EndGlobalSection
	GlobalSection(SolutionConfigurationPlatforms) = preSolution
		Debug|Any CPU = Debug|Any CPU
		Release|Any CPU = Release|Any CPU
	EndGlobalSection
	GlobalSection(ProjectConfigurationPlatforms) = postSolution
		{D4B8EE32-2274-4A85-8560-C2A99D4E3F5A}.Debug|Any CPU.ActiveCfg = Debug|Any CPU
		{D4B8EE32-2274-4A85-8560-C2A99D4E3F5A}.Debug|Any CPU.Build.0 = Debug|Any CPU
		{D4B8EE32-2274-4A85-8560-C2A99D4E3F5A}.Release|Any CPU.ActiveCfg = Release|Any CPU
		{D4B8EE32-2274-4A85-8560-C2A99D4E3F5A}.Release|Any CPU.Build.0 = Release|Any CPU
		{DE7110D4-2DDB-4755-B95E-6FC27DD89430}.Debug|Any CPU.ActiveCfg = Debug|Any CPU
		{DE7110D4-2DDB-4755-B95E-6FC27DD89430}.Debug|Any CPU.Build.0 = Debug|Any CPU
		{DE7110D4-2DDB-4755-B95E-6FC27DD89430}.Release|Any CPU.ActiveCfg = Release|Any CPU
		{DE7110D4-2DDB-4755-B95E-6FC27DD89430}.Release|Any CPU.Build.0 = Release|Any CPU
		{1E944FDE-8F39-478B-A24D-25AFD2A34176}.Debug|Any CPU.ActiveCfg = Debug|Any CPU
		{1E944FDE-8F39-478B-A24D-25AFD2A34176}.Debug|Any CPU.Build.0 = Debug|Any CPU
		{1E944FDE-8F39-478B-A24D-25AFD2A34176}.Release|Any CPU.ActiveCfg = Release|Any CPU
		{1E944FDE-8F39-478B-A24D-25AFD2A34176}.Release|Any CPU.Build.0 = Release|Any CPU
		{5C37891C-2D1F-49B9-9F80-2D3AC542E9FC}.Debug|Any CPU.ActiveCfg = Debug|Any CPU
		{5C37891C-2D1F-49B9-9F80-2D3AC542E9FC}.Debug|Any CPU.Build.0 = Debug|Any CPU
		{5C37891C-2D1F-49B9-9F80-2D3AC542E9FC}.Release|Any CPU.ActiveCfg = Release|Any CPU
		{5C37891C-2D1F-49B9-9F80-2D3AC542E9FC}.Release|Any CPU.Build.0 = Release|Any CPU
	EndGlobalSection
	GlobalSection(SolutionProperties) = preSolution
		HideSolutionNode = FALSE
	EndGlobalSection
	GlobalSection(NestedProjects) = preSolution
		{D4B8EE32-2274-4A85-8560-C2A99D4E3F5A} = {137BEEDA-37F1-4167-B19A-26D0009D26D9}
		{DE7110D4-2DDB-4755-B95E-6FC27DD89430} = {8B3DBC68-2926-4F88-A5ED-F21D01288F04}
		{1E944FDE-8F39-478B-A24D-25AFD2A34176} = {66B4A815-2B59-4EC0-8211-C7E1244135D5}
		{5C37891C-2D1F-49B9-9F80-2D3AC542E9FC} = {50879F24-BAFC-49F4-86A8-874C7271539B}
	EndGlobalSection
EndGlobal
